
Microsoft Visual Studio Solution File, Format Version 12.00
# Visual Studio Version 17
VisualStudioVersion = 17.8.34330.188
MinimumVisualStudioVersion = 10.0.40219.1
Project("{FAE04EC0-301F-11D3-BF4B-00C04F79EFBC}") = "StudentData", "StudentData\StudentData.csproj", "{6754EB23-9F19-4F48-92D3-D874080A1472}"
EndProject
Global
	GlobalSection(SolutionConfigurationPlatforms) = preSolution
		Debug|Any CPU = Debug|Any CPU
		Release|Any CPU = Release|Any CPU
	EndGlobalSection
	GlobalSection(ProjectConfigurationPlatforms) = postSolution
		{6754EB23-9F19-4F48-92D3-D874080A1472}.Debug|Any CPU.ActiveCfg = Debug|Any CPU
		{6754EB23-9F19-4F48-92D3-D874080A1472}.Debug|Any CPU.Build.0 = Debug|Any CPU
		{6754EB23-9F19-4F48-92D3-D874080A1472}.Release|Any CPU.ActiveCfg = Release|Any CPU
		{6754EB23-9F19-4F48-92D3-D874080A1472}.Release|Any CPU.Build.0 = Release|Any CPU
	EndGlobalSection
	GlobalSection(SolutionProperties) = preSolution
		HideSolutionNode = FALSE
	EndGlobalSection
	GlobalSection(ExtensibilityGlobals) = postSolution
		SolutionGuid = {92D5B8FE-39C5-4B43-AC71-7F37613717AB}
	EndGlobalSection
EndGlobal
